
Microsoft Visual Studio Solution File, Format Version 12.00
# Visual Studio 14
VisualStudioVersion = 14.0.25420.1
MinimumVisualStudioVersion = 10.0.40219.1
Project("{2150E333-8FDC-42A3-9474-1A3956D46DE8}") = "src", "src", "{4025F56C-8BDC-493C-8816-F8444BAA6545}"
EndProject
Project("{2150E333-8FDC-42A3-9474-1A3956D46DE8}") = "Solution Items", "Solution Items", "{41FD235C-3FA3-46E8-8890-CE7E7C65C0BA}"
	ProjectSection(SolutionItems) = preProject
		global.json = global.json
	EndProjectSection
EndProject
Project("{8BB2217D-0F2D-49D1-97BC-3654ED321F3B}") = "HRMCore", "src\HRMCore\HRMCore.xproj", "{524B3942-661F-4F59-810F-E709065522DE}"
EndProject
Global
	GlobalSection(SolutionConfigurationPlatforms) = preSolution
		Debug|Any CPU = Debug|Any CPU
		Release|Any CPU = Release|Any CPU
	EndGlobalSection
	GlobalSection(ProjectConfigurationPlatforms) = postSolution
		{524B3942-661F-4F59-810F-E709065522DE}.Debug|Any CPU.ActiveCfg = Debug|Any CPU
		{524B3942-661F-4F59-810F-E709065522DE}.Debug|Any CPU.Build.0 = Debug|Any CPU
		{524B3942-661F-4F59-810F-E709065522DE}.Release|Any CPU.ActiveCfg = Release|Any CPU
		{524B3942-661F-4F59-810F-E709065522DE}.Release|Any CPU.Build.0 = Release|Any CPU
	EndGlobalSection
	GlobalSection(SolutionProperties) = preSolution
		HideSolutionNode = FALSE
	EndGlobalSection
	GlobalSection(NestedProjects) = preSolution
		{524B3942-661F-4F59-810F-E709065522DE} = {4025F56C-8BDC-493C-8816-F8444BAA6545}
	EndGlobalSection
EndGlobal
